
Microsoft Visual Studio Solution File, Format Version 12.00
# Visual Studio Version 17
VisualStudioVersion = 17.1.32319.34
MinimumVisualStudioVersion = 10.0.40219.1
Project("{FAE04EC0-301F-11D3-BF4B-00C04F79EFBC}") = "GET2", "GET2\GET2.csproj", "{F55CC500-5197-4910-B3AE-45ED74617D08}"
EndProject
Global
	GlobalSection(SolutionConfigurationPlatforms) = preSolution
		Debug|Any CPU = Debug|Any CPU
		Debug|x86 = Debug|x86
		Release|Any CPU = Release|Any CPU
		Release|x86 = Release|x86
	EndGlobalSection
	GlobalSection(ProjectConfigurationPlatforms) = postSolution
		{F55CC500-5197-4910-B3AE-45ED74617D08}.Debug|Any CPU.ActiveCfg = Debug|Any CPU
		{F55CC500-5197-4910-B3AE-45ED74617D08}.Debug|Any CPU.Build.0 = Debug|Any CPU
		{F55CC500-5197-4910-B3AE-45ED74617D08}.Debug|x86.ActiveCfg = Debug|x86
		{F55CC500-5197-4910-B3AE-45ED74617D08}.Debug|x86.Build.0 = Debug|x86
		{F55CC500-5197-4910-B3AE-45ED74617D08}.Release|Any CPU.ActiveCfg = Release|Any CPU
		{F55CC500-5197-4910-B3AE-45ED74617D08}.Release|Any CPU.Build.0 = Release|Any CPU
		{F55CC500-5197-4910-B3AE-45ED74617D08}.Release|x86.ActiveCfg = Release|x86
		{F55CC500-5197-4910-B3AE-45ED74617D08}.Release|x86.Build.0 = Release|x86
	EndGlobalSection
	GlobalSection(SolutionProperties) = preSolution
		HideSolutionNode = FALSE
	EndGlobalSection
	GlobalSection(ExtensibilityGlobals) = postSolution
		SolutionGuid = {F4ADE34E-69A5-46D3-A41D-D9E458384F90}
	EndGlobalSection
EndGlobal
